
Microsoft Visual Studio Solution File, Format Version 12.00
# Visual Studio Version 16
VisualStudioVersion = 16.0.31321.278
MinimumVisualStudioVersion = 10.0.40219.1
Project("{FAE04EC0-301F-11D3-BF4B-00C04F79EFBC}") = "Project-Metro-Compiler", "Project-Metro-Compiler\Project-Metro-Compiler.csproj", "{3B89075D-4FF8-4CBD-B46D-C731CFF1EB65}"
EndProject
Global
	GlobalSection(SolutionConfigurationPlatforms) = preSolution
		Debug|Any CPU = Debug|Any CPU
		Release|Any CPU = Release|Any CPU
	EndGlobalSection
	GlobalSection(ProjectConfigurationPlatforms) = postSolution
		{3B89075D-4FF8-4CBD-B46D-C731CFF1EB65}.Debug|Any CPU.ActiveCfg = Debug|Any CPU
		{3B89075D-4FF8-4CBD-B46D-C731CFF1EB65}.Debug|Any CPU.Build.0 = Debug|Any CPU
		{3B89075D-4FF8-4CBD-B46D-C731CFF1EB65}.Release|Any CPU.ActiveCfg = Release|Any CPU
		{3B89075D-4FF8-4CBD-B46D-C731CFF1EB65}.Release|Any CPU.Build.0 = Release|Any CPU
	EndGlobalSection
	GlobalSection(SolutionProperties) = preSolution
		HideSolutionNode = FALSE
	EndGlobalSection
	GlobalSection(ExtensibilityGlobals) = postSolution
		SolutionGuid = {2E00B0EC-6CD1-4B78-B3D4-1F928C5853A0}
	EndGlobalSection
EndGlobal
